{
  "name": "github-actions-demo",
  "version": "1.0.0",
  "lockfileVersion": 3,
  "requires": true,
  "packages": {
    "": {
      "name": "github-actions-demo",
      "version": "1.0.0",
      "license": "MIT",
      "dependencies": {
        "github-actions-demo": "file:"
      }
    },
    "node_modules/github-actions-demo": {
      "resolved": "",
      "link": true
    }
  }
}
